
Microsoft Visual Studio Solution File, Format Version 12.00
# Visual Studio 14
VisualStudioVersion = 14.0.25420.1
MinimumVisualStudioVersion = 10.0.40219.1
Project("{2150E333-8FDC-42A3-9474-1A3956D46DE8}") = "1일차", "1일차", "{9F5A4ABC-F9A5-4BC6-8F09-80754DFFA199}"
EndProject
Project("{FAE04EC0-301F-11D3-BF4B-00C04F79EFBC}") = "Ex_1Day", "Ex_1Day\Ex_1Day.csproj", "{0A2AF111-0117-4BAF-B013-E3A0D61105AE}"
EndProject
Project("{F184B08F-C81C-45F6-A57F-5ABD9991F28F}") = "ConsoleApplication1", "ConsoleApplication1\ConsoleApplication1.vbproj", "{A1882232-B7DC-42CA-891F-54CB22449396}"
EndProject
Project("{2150E333-8FDC-42A3-9474-1A3956D46DE8}") = "2일차", "2일차", "{7FFAC216-203E-463D-BE22-1CAF8E26AD6D}"
EndProject
Project("{FAE04EC0-301F-11D3-BF4B-00C04F79EFBC}") = "Ex_2Day", "Ex_2Day\Ex_2Day.csproj", "{D37D8CC5-09C9-473C-AAC5-DCCDAE757040}"
EndProject
Project("{FAE04EC0-301F-11D3-BF4B-00C04F79EFBC}") = "Ex_Thread", "Ex_Thread\Ex_Thread.csproj", "{99BE6768-DD1E-452E-925C-861E05C79A3A}"
EndProject
Project("{FAE04EC0-301F-11D3-BF4B-00C04F79EFBC}") = "ExForm", "ExForm\ExForm.csproj", "{80900C88-068C-4863-BB02-3CA2734B7ED9}"
EndProject
Project("{FAE04EC0-301F-11D3-BF4B-00C04F79EFBC}") = "clsSum", "clsSum\clsSum.csproj", "{A21F0B56-F5AB-4429-B21E-02ED5BCF0C78}"
EndProject
Project("{FAE04EC0-301F-11D3-BF4B-00C04F79EFBC}") = "clsLib", "clsLib\clsLib.csproj", "{D0D46E1A-903F-4862-B6D8-6ABECAC51D6D}"
EndProject
Project("{2150E333-8FDC-42A3-9474-1A3956D46DE8}") = "3일차", "3일차", "{FE3A6DF5-693D-4286-8A14-7336227FAA9B}"
EndProject
Project("{FAE04EC0-301F-11D3-BF4B-00C04F79EFBC}") = "ExDay3", "ExDay3\ExDay3.csproj", "{C581EC82-C6DF-45A6-AD03-8D09B45421F6}"
EndProject
Project("{FAE04EC0-301F-11D3-BF4B-00C04F79EFBC}") = "ExWebDay3", "ExWebDay3\ExWebDay3.csproj", "{9A3D9D4A-4307-4A3C-8F68-AD079ABC2F88}"
EndProject
Project("{2150E333-8FDC-42A3-9474-1A3956D46DE8}") = "4일차", "4일차", "{EB7C3073-2E2E-4DBB-BC51-DEF0ADEEEBF3}"
EndProject
Project("{FAE04EC0-301F-11D3-BF4B-00C04F79EFBC}") = "4Days", "4Days\4Days.csproj", "{839D1222-3761-4DAE-8965-074442F4AE8A}"
EndProject
Project("{2150E333-8FDC-42A3-9474-1A3956D46DE8}") = "5일차", "5일차", "{D18D6AAF-8537-4AF0-9372-E5A254F3EC1F}"
EndProject
Project("{FAE04EC0-301F-11D3-BF4B-00C04F79EFBC}") = "WebTest", "WebTest\WebTest.csproj", "{82D8E2A3-55E9-48E0-9619-8EBC362B2DB6}"
EndProject
Project("{FAE04EC0-301F-11D3-BF4B-00C04F79EFBC}") = "SOAP_TEST", "SOAP_TEST\SOAP_TEST.csproj", "{67422ED1-D323-49B0-9792-4E099BF3DABC}"
EndProject
Project("{FAE04EC0-301F-11D3-BF4B-00C04F79EFBC}") = "SoapClient_Con", "SoapClient_Con\SoapClient_Con.csproj", "{BABAB3A0-1A51-4502-8BCA-F278CE4B5BC9}"
EndProject
Project("{2150E333-8FDC-42A3-9474-1A3956D46DE8}") = "6일차", "6일차", "{623BA333-93E1-40EC-9480-D896C304FCC0}"
EndProject
Project("{FAE04EC0-301F-11D3-BF4B-00C04F79EFBC}") = "ExEtc", "ExEtc\ExEtc.csproj", "{16BDAC4D-976A-4ECA-BE4E-0BDD80380D66}"
EndProject
Project("{F184B08F-C81C-45F6-A57F-5ABD9991F28F}") = "ExProcMon", "ExProcMon\ExProcMon.vbproj", "{BD4F82C0-C678-46BE-B2C0-44EBFD5A11BC}"
EndProject
Global
	GlobalSection(SolutionConfigurationPlatforms) = preSolution
		Debug|Any CPU = Debug|Any CPU
		Release|Any CPU = Release|Any CPU
	EndGlobalSection
	GlobalSection(ProjectConfigurationPlatforms) = postSolution
		{0A2AF111-0117-4BAF-B013-E3A0D61105AE}.Debug|Any CPU.ActiveCfg = Debug|Any CPU
		{0A2AF111-0117-4BAF-B013-E3A0D61105AE}.Debug|Any CPU.Build.0 = Debug|Any CPU
		{0A2AF111-0117-4BAF-B013-E3A0D61105AE}.Release|Any CPU.ActiveCfg = Release|Any CPU
		{0A2AF111-0117-4BAF-B013-E3A0D61105AE}.Release|Any CPU.Build.0 = Release|Any CPU
		{A1882232-B7DC-42CA-891F-54CB22449396}.Debug|Any CPU.ActiveCfg = Debug|Any CPU
		{A1882232-B7DC-42CA-891F-54CB22449396}.Debug|Any CPU.Build.0 = Debug|Any CPU
		{A1882232-B7DC-42CA-891F-54CB22449396}.Release|Any CPU.ActiveCfg = Release|Any CPU
		{A1882232-B7DC-42CA-891F-54CB22449396}.Release|Any CPU.Build.0 = Release|Any CPU
		{D37D8CC5-09C9-473C-AAC5-DCCDAE757040}.Debug|Any CPU.ActiveCfg = Debug|Any CPU
		{D37D8CC5-09C9-473C-AAC5-DCCDAE757040}.Debug|Any CPU.Build.0 = Debug|Any CPU
		{D37D8CC5-09C9-473C-AAC5-DCCDAE757040}.Release|Any CPU.ActiveCfg = Release|Any CPU
		{D37D8CC5-09C9-473C-AAC5-DCCDAE757040}.Release|Any CPU.Build.0 = Release|Any CPU
		{99BE6768-DD1E-452E-925C-861E05C79A3A}.Debug|Any CPU.ActiveCfg = Debug|Any CPU
		{99BE6768-DD1E-452E-925C-861E05C79A3A}.Debug|Any CPU.Build.0 = Debug|Any CPU
		{99BE6768-DD1E-452E-925C-861E05C79A3A}.Release|Any CPU.ActiveCfg = Release|Any CPU
		{99BE6768-DD1E-452E-925C-861E05C79A3A}.Release|Any CPU.Build.0 = Release|Any CPU
		{80900C88-068C-4863-BB02-3CA2734B7ED9}.Debug|Any CPU.ActiveCfg = Debug|Any CPU
		{80900C88-068C-4863-BB02-3CA2734B7ED9}.Debug|Any CPU.Build.0 = Debug|Any CPU
		{80900C88-068C-4863-BB02-3CA2734B7ED9}.Release|Any CPU.ActiveCfg = Release|Any CPU
		{80900C88-068C-4863-BB02-3CA2734B7ED9}.Release|Any CPU.Build.0 = Release|Any CPU
		{A21F0B56-F5AB-4429-B21E-02ED5BCF0C78}.Debug|Any CPU.ActiveCfg = Debug|Any CPU
		{A21F0B56-F5AB-4429-B21E-02ED5BCF0C78}.Debug|Any CPU.Build.0 = Debug|Any CPU
		{A21F0B56-F5AB-4429-B21E-02ED5BCF0C78}.Release|Any CPU.ActiveCfg = Release|Any CPU
		{A21F0B56-F5AB-4429-B21E-02ED5BCF0C78}.Release|Any CPU.Build.0 = Release|Any CPU
		{D0D46E1A-903F-4862-B6D8-6ABECAC51D6D}.Debug|Any CPU.ActiveCfg = Debug|Any CPU
		{D0D46E1A-903F-4862-B6D8-6ABECAC51D6D}.Debug|Any CPU.Build.0 = Debug|Any CPU
		{D0D46E1A-903F-4862-B6D8-6ABECAC51D6D}.Release|Any CPU.ActiveCfg = Release|Any CPU
		{D0D46E1A-903F-4862-B6D8-6ABECAC51D6D}.Release|Any CPU.Build.0 = Release|Any CPU
		{C581EC82-C6DF-45A6-AD03-8D09B45421F6}.Debug|Any CPU.ActiveCfg = Debug|Any CPU
		{C581EC82-C6DF-45A6-AD03-8D09B45421F6}.Debug|Any CPU.Build.0 = Debug|Any CPU
		{C581EC82-C6DF-45A6-AD03-8D09B45421F6}.Release|Any CPU.ActiveCfg = Release|Any CPU
		{C581EC82-C6DF-45A6-AD03-8D09B45421F6}.Release|Any CPU.Build.0 = Release|Any CPU
		{9A3D9D4A-4307-4A3C-8F68-AD079ABC2F88}.Debug|Any CPU.ActiveCfg = Debug|Any CPU
		{9A3D9D4A-4307-4A3C-8F68-AD079ABC2F88}.Debug|Any CPU.Build.0 = Debug|Any CPU
		{9A3D9D4A-4307-4A3C-8F68-AD079ABC2F88}.Release|Any CPU.ActiveCfg = Release|Any CPU
		{9A3D9D4A-4307-4A3C-8F68-AD079ABC2F88}.Release|Any CPU.Build.0 = Release|Any CPU
		{839D1222-3761-4DAE-8965-074442F4AE8A}.Debug|Any CPU.ActiveCfg = Debug|Any CPU
		{839D1222-3761-4DAE-8965-074442F4AE8A}.Debug|Any CPU.Build.0 = Debug|Any CPU
		{839D1222-3761-4DAE-8965-074442F4AE8A}.Release|Any CPU.ActiveCfg = Release|Any CPU
		{839D1222-3761-4DAE-8965-074442F4AE8A}.Release|Any CPU.Build.0 = Release|Any CPU
		{82D8E2A3-55E9-48E0-9619-8EBC362B2DB6}.Debug|Any CPU.ActiveCfg = Debug|Any CPU
		{82D8E2A3-55E9-48E0-9619-8EBC362B2DB6}.Debug|Any CPU.Build.0 = Debug|Any CPU
		{82D8E2A3-55E9-48E0-9619-8EBC362B2DB6}.Release|Any CPU.ActiveCfg = Release|Any CPU
		{82D8E2A3-55E9-48E0-9619-8EBC362B2DB6}.Release|Any CPU.Build.0 = Release|Any CPU
		{67422ED1-D323-49B0-9792-4E099BF3DABC}.Debug|Any CPU.ActiveCfg = Debug|Any CPU
		{67422ED1-D323-49B0-9792-4E099BF3DABC}.Debug|Any CPU.Build.0 = Debug|Any CPU
		{67422ED1-D323-49B0-9792-4E099BF3DABC}.Release|Any CPU.ActiveCfg = Release|Any CPU
		{67422ED1-D323-49B0-9792-4E099BF3DABC}.Release|Any CPU.Build.0 = Release|Any CPU
		{BABAB3A0-1A51-4502-8BCA-F278CE4B5BC9}.Debug|Any CPU.ActiveCfg = Debug|Any CPU
		{BABAB3A0-1A51-4502-8BCA-F278CE4B5BC9}.Debug|Any CPU.Build.0 = Debug|Any CPU
		{BABAB3A0-1A51-4502-8BCA-F278CE4B5BC9}.Release|Any CPU.ActiveCfg = Release|Any CPU
		{BABAB3A0-1A51-4502-8BCA-F278CE4B5BC9}.Release|Any CPU.Build.0 = Release|Any CPU
		{16BDAC4D-976A-4ECA-BE4E-0BDD80380D66}.Debug|Any CPU.ActiveCfg = Debug|Any CPU
		{16BDAC4D-976A-4ECA-BE4E-0BDD80380D66}.Debug|Any CPU.Build.0 = Debug|Any CPU
		{16BDAC4D-976A-4ECA-BE4E-0BDD80380D66}.Release|Any CPU.ActiveCfg = Release|Any CPU
		{16BDAC4D-976A-4ECA-BE4E-0BDD80380D66}.Release|Any CPU.Build.0 = Release|Any CPU
		{BD4F82C0-C678-46BE-B2C0-44EBFD5A11BC}.Debug|Any CPU.ActiveCfg = Debug|Any CPU
		{BD4F82C0-C678-46BE-B2C0-44EBFD5A11BC}.Debug|Any CPU.Build.0 = Debug|Any CPU
		{BD4F82C0-C678-46BE-B2C0-44EBFD5A11BC}.Release|Any CPU.ActiveCfg = Release|Any CPU
		{BD4F82C0-C678-46BE-B2C0-44EBFD5A11BC}.Release|Any CPU.Build.0 = Release|Any CPU
	EndGlobalSection
	GlobalSection(SolutionProperties) = preSolution
		HideSolutionNode = FALSE
	EndGlobalSection
	GlobalSection(NestedProjects) = preSolution
		{0A2AF111-0117-4BAF-B013-E3A0D61105AE} = {9F5A4ABC-F9A5-4BC6-8F09-80754DFFA199}
		{A1882232-B7DC-42CA-891F-54CB22449396} = {9F5A4ABC-F9A5-4BC6-8F09-80754DFFA199}
		{D37D8CC5-09C9-473C-AAC5-DCCDAE757040} = {7FFAC216-203E-463D-BE22-1CAF8E26AD6D}
		{99BE6768-DD1E-452E-925C-861E05C79A3A} = {7FFAC216-203E-463D-BE22-1CAF8E26AD6D}
		{80900C88-068C-4863-BB02-3CA2734B7ED9} = {7FFAC216-203E-463D-BE22-1CAF8E26AD6D}
		{A21F0B56-F5AB-4429-B21E-02ED5BCF0C78} = {7FFAC216-203E-463D-BE22-1CAF8E26AD6D}
		{D0D46E1A-903F-4862-B6D8-6ABECAC51D6D} = {7FFAC216-203E-463D-BE22-1CAF8E26AD6D}
		{C581EC82-C6DF-45A6-AD03-8D09B45421F6} = {FE3A6DF5-693D-4286-8A14-7336227FAA9B}
		{9A3D9D4A-4307-4A3C-8F68-AD079ABC2F88} = {FE3A6DF5-693D-4286-8A14-7336227FAA9B}
		{839D1222-3761-4DAE-8965-074442F4AE8A} = {EB7C3073-2E2E-4DBB-BC51-DEF0ADEEEBF3}
		{82D8E2A3-55E9-48E0-9619-8EBC362B2DB6} = {D18D6AAF-8537-4AF0-9372-E5A254F3EC1F}
		{67422ED1-D323-49B0-9792-4E099BF3DABC} = {D18D6AAF-8537-4AF0-9372-E5A254F3EC1F}
		{BABAB3A0-1A51-4502-8BCA-F278CE4B5BC9} = {D18D6AAF-8537-4AF0-9372-E5A254F3EC1F}
		{16BDAC4D-976A-4ECA-BE4E-0BDD80380D66} = {623BA333-93E1-40EC-9480-D896C304FCC0}
		{BD4F82C0-C678-46BE-B2C0-44EBFD5A11BC} = {623BA333-93E1-40EC-9480-D896C304FCC0}
	EndGlobalSection
EndGlobal
